// !$*UTF8*$!
{
	archiveVersion = 1;
	classes = {
	};
	objectVersion = 56;
	objects = {

/* Begin PBXBuildFile section */
		F006F4B02A461FF300DAA1EB /* StatisticsVC.swift in Sources */ = {isa = PBXBuildFile; fileRef = F006F4AF2A461FF300DAA1EB /* StatisticsVC.swift */; };
		F006F4B22A46200200DAA1EB /* SwiftUITV.swift in Sources */ = {isa = PBXBuildFile; fileRef = F006F4B12A46200200DAA1EB /* SwiftUITV.swift */; };
		F008C2C42A37A6F900DAB89B /* MediaExtensions.swift in Sources */ = {isa = PBXBuildFile; fileRef = F008C2C32A37A6F900DAB89B /* MediaExtensions.swift */; };
		F03A3AF92A3E701B007CDBB6 /* AboutAppVC.swift in Sources */ = {isa = PBXBuildFile; fileRef = F03A3AF82A3E701B007CDBB6 /* AboutAppVC.swift */; };
		F03A3AFB2A3E7718007CDBB6 /* OtherStructs.swift in Sources */ = {isa = PBXBuildFile; fileRef = F03A3AFA2A3E7718007CDBB6 /* OtherStructs.swift */; };
		F045717C2B3A604C00EFE672 /* SavedCamerasList.swift in Sources */ = {isa = PBXBuildFile; fileRef = F045717B2B3A604C00EFE672 /* SavedCamerasList.swift */; };
		F04BECE02DAEC1F400119679 /* Converter.swift in Sources */ = {isa = PBXBuildFile; fileRef = F04BECDF2DAEC1E800119679 /* Converter.swift */; };
		F04E03782A38BD6E0042E8A9 /* fox_load.json in Resources */ = {isa = PBXBuildFile; fileRef = F04E03772A38BD6E0042E8A9 /* fox_load.json */; };
		F04E037A2A38C40F0042E8A9 /* AppDataCleaner.swift in Sources */ = {isa = PBXBuildFile; fileRef = F04E03792A38C40F0042E8A9 /* AppDataCleaner.swift */; };
		F04E037C2A38C81B0042E8A9 /* fox_success.json in Resources */ = {isa = PBXBuildFile; fileRef = F04E037B2A38C81B0042E8A9 /* fox_success.json */; };
		F04E03802A38CF040042E8A9 /* MainDashboardVC.swift in Sources */ = {isa = PBXBuildFile; fileRef = F04E037F2A38CF040042E8A9 /* MainDashboardVC.swift */; };
		F04E03852A38E7C80042E8A9 /* TitleCollectionViewCell.swift in Sources */ = {isa = PBXBuildFile; fileRef = F04E03832A38E7C80042E8A9 /* TitleCollectionViewCell.swift */; };
		F04E03862A38E7C80042E8A9 /* TitleCollectionViewCell.xib in Resources */ = {isa = PBXBuildFile; fileRef = F04E03842A38E7C80042E8A9 /* TitleCollectionViewCell.xib */; };
		F04E038F2A3906690042E8A9 /* PhotoCollectionViewCell.swift in Sources */ = {isa = PBXBuildFile; fileRef = F04E038D2A3906690042E8A9 /* PhotoCollectionViewCell.swift */; };
		F04E03902A3906690042E8A9 /* PhotoCollectionViewCell.xib in Resources */ = {isa = PBXBuildFile; fileRef = F04E038E2A3906690042E8A9 /* PhotoCollectionViewCell.xib */; };
		F04E03922A39350A0042E8A9 /* fox_sad.json in Resources */ = {isa = PBXBuildFile; fileRef = F04E03912A39350A0042E8A9 /* fox_sad.json */; };
		F061C3142A4BB04200FDBAB2 /* StatisticsTableViewCell.swift in Sources */ = {isa = PBXBuildFile; fileRef = F061C3122A4BB04200FDBAB2 /* StatisticsTableViewCell.swift */; };
		F061C3152A4BB04200FDBAB2 /* StatisticsTableViewCell.xib in Resources */ = {isa = PBXBuildFile; fileRef = F061C3132A4BB04200FDBAB2 /* StatisticsTableViewCell.xib */; };
		F08244992A367B31007379BA /* Lottie in Frameworks */ = {isa = PBXBuildFile; productRef = F08244982A367B31007379BA /* Lottie */; };
		F082449D2A36801A007379BA /* cat.json in Resources */ = {isa = PBXBuildFile; fileRef = F082449C2A36801A007379BA /* cat.json */; };
		F08244A02A3680C5007379BA /* UiViewControllerExtensions.swift in Sources */ = {isa = PBXBuildFile; fileRef = F082449F2A3680C5007379BA /* UiViewControllerExtensions.swift */; };
		F08244A22A368197007379BA /* LoadingAlert.swift in Sources */ = {isa = PBXBuildFile; fileRef = F08244A12A368197007379BA /* LoadingAlert.swift */; };
		F08244AB2A369D9C007379BA /* ImageObjects.swift in Sources */ = {isa = PBXBuildFile; fileRef = F08244AA2A369D9C007379BA /* ImageObjects.swift */; };
		F08244AF2A377684007379BA /* Extensions.swift in Sources */ = {isa = PBXBuildFile; fileRef = F08244AE2A377684007379BA /* Extensions.swift */; };
		F082C6C82BA642BE0081C5C8 /* CIImageExtensions.swift in Sources */ = {isa = PBXBuildFile; fileRef = F082C6C72BA642BE0081C5C8 /* CIImageExtensions.swift */; };
		F082C6CA2BA656A60081C5C8 /* PreferencesVC.swift in Sources */ = {isa = PBXBuildFile; fileRef = F082C6C92BA656A60081C5C8 /* PreferencesVC.swift */; };
		F082C6CE2BA6AAD70081C5C8 /* PreferencesCell.swift in Sources */ = {isa = PBXBuildFile; fileRef = F082C6CC2BA6AAD70081C5C8 /* PreferencesCell.swift */; };
		F082C6CF2BA6AAD70081C5C8 /* PreferencesCell.xib in Resources */ = {isa = PBXBuildFile; fileRef = F082C6CD2BA6AAD70081C5C8 /* PreferencesCell.xib */; };
		F08852E42B60349D00AD33DE /* Camera.xcdatamodeld in Sources */ = {isa = PBXBuildFile; fileRef = F08852E22B60349D00AD33DE /* Camera.xcdatamodeld */; };
		F09D9ED72A3670AB00884A73 /* AppDelegate.swift in Sources */ = {isa = PBXBuildFile; fileRef = F09D9ED62A3670AB00884A73 /* AppDelegate.swift */; };
		F09D9ED92A3670AB00884A73 /* SceneDelegate.swift in Sources */ = {isa = PBXBuildFile; fileRef = F09D9ED82A3670AB00884A73 /* SceneDelegate.swift */; };
		F09D9EDB2A3670AB00884A73 /* ImagePreviewVC.swift in Sources */ = {isa = PBXBuildFile; fileRef = F09D9EDA2A3670AB00884A73 /* ImagePreviewVC.swift */; };
		F09D9EDE2A3670AB00884A73 /* Main.storyboard in Resources */ = {isa = PBXBuildFile; fileRef = F09D9EDC2A3670AB00884A73 /* Main.storyboard */; };
		F09D9EE02A3670AC00884A73 /* Assets.xcassets in Resources */ = {isa = PBXBuildFile; fileRef = F09D9EDF2A3670AC00884A73 /* Assets.xcassets */; };
		F09D9EE32A3670AC00884A73 /* LaunchScreen.storyboard in Resources */ = {isa = PBXBuildFile; fileRef = F09D9EE12A3670AC00884A73 /* LaunchScreen.storyboard */; };
		F0B49A5B2B7E91FF00A062BF /* OpenFinderUtility.swift in Sources */ = {isa = PBXBuildFile; fileRef = F0B49A5A2B7E91FF00A062BF /* OpenFinderUtility.swift */; };
		F0DAD1282A75CCEC00EA67AE /* Localizable.strings in Resources */ = {isa = PBXBuildFile; fileRef = F0DAD12A2A75CCEC00EA67AE /* Localizable.strings */; };
		F0E8DCE52A3D2F9C00E7CCE1 /* Montserrat-Light.ttf in Resources */ = {isa = PBXBuildFile; fileRef = F0E8DCDA2A3D2F9600E7CCE1 /* Montserrat-Light.ttf */; };
		F0E8DCE62A3D2F9C00E7CCE1 /* Montserrat-Medium.ttf in Resources */ = {isa = PBXBuildFile; fileRef = F0E8DCD82A3D2F9600E7CCE1 /* Montserrat-Medium.ttf */; };
		F0E8DCEA2A3D2F9C00E7CCE1 /* Montserrat-Bold.ttf in Resources */ = {isa = PBXBuildFile; fileRef = F0E8DCD22A3D2F9600E7CCE1 /* Montserrat-Bold.ttf */; };
		F0E8DCEB2A3D2F9C00E7CCE1 /* Montserrat-Regular.ttf in Resources */ = {isa = PBXBuildFile; fileRef = F0E8DCDE2A3D2F9600E7CCE1 /* Montserrat-Regular.ttf */; };
		F0E918252C0BD3B1005D2A56 /* PrivacyInfo.xcprivacy in Resources */ = {isa = PBXBuildFile; fileRef = F0E918242C0BD3B1005D2A56 /* PrivacyInfo.xcprivacy */; };
		F0EE602F2A48DE2400AB5AAC /* CacheDataSingleton.swift in Sources */ = {isa = PBXBuildFile; fileRef = F0EE602E2A48DE2400AB5AAC /* CacheDataSingleton.swift */; };
/* End PBXBuildFile section */

/* Begin PBXFileReference section */
		F006F4AF2A461FF300DAA1EB /* StatisticsVC.swift */ = {isa = PBXFileReference; lastKnownFileType = sourcecode.swift; path = StatisticsVC.swift; sourceTree = "<group>"; };
		F006F4B12A46200200DAA1EB /* SwiftUITV.swift */ = {isa = PBXFileReference; lastKnownFileType = sourcecode.swift; path = SwiftUITV.swift; sourceTree = "<group>"; };
		F008C2C32A37A6F900DAB89B /* MediaExtensions.swift */ = {isa = PBXFileReference; lastKnownFileType = sourcecode.swift; path = MediaExtensions.swift; sourceTree = "<group>"; };
		F03A3AF82A3E701B007CDBB6 /* AboutAppVC.swift */ = {isa = PBXFileReference; lastKnownFileType = sourcecode.swift; path = AboutAppVC.swift; sourceTree = "<group>"; };
		F03A3AFA2A3E7718007CDBB6 /* OtherStructs.swift */ = {isa = PBXFileReference; lastKnownFileType = sourcecode.swift; path = OtherStructs.swift; sourceTree = "<group>"; };
		F04571782B3A5D8B00EFE672 /* ko */ = {isa = PBXFileReference; lastKnownFileType = text.plist.strings; name = ko; path = ko.lproj/Main.strings; sourceTree = "<group>"; };
		F045717B2B3A604C00EFE672 /* SavedCamerasList.swift */ = {isa = PBXFileReference; lastKnownFileType = sourcecode.swift; path = SavedCamerasList.swift; sourceTree = "<group>"; };
		F04BECDF2DAEC1E800119679 /* Converter.swift */ = {isa = PBXFileReference; lastKnownFileType = sourcecode.swift; path = Converter.swift; sourceTree = "<group>"; };
		F04E03772A38BD6E0042E8A9 /* fox_load.json */ = {isa = PBXFileReference; fileEncoding = 4; lastKnownFileType = text.json; path = fox_load.json; sourceTree = "<group>"; };
		F04E03792A38C40F0042E8A9 /* AppDataCleaner.swift */ = {isa = PBXFileReference; lastKnownFileType = sourcecode.swift; path = AppDataCleaner.swift; sourceTree = "<group>"; };
		F04E037B2A38C81B0042E8A9 /* fox_success.json */ = {isa = PBXFileReference; fileEncoding = 4; lastKnownFileType = text.json; path = fox_success.json; sourceTree = "<group>"; };
		F04E037F2A38CF040042E8A9 /* MainDashboardVC.swift */ = {isa = PBXFileReference; lastKnownFileType = sourcecode.swift; path = MainDashboardVC.swift; sourceTree = "<group>"; };
		F04E03832A38E7C80042E8A9 /* TitleCollectionViewCell.swift */ = {isa = PBXFileReference; lastKnownFileType = sourcecode.swift; path = TitleCollectionViewCell.swift; sourceTree = "<group>"; };
		F04E03842A38E7C80042E8A9 /* TitleCollectionViewCell.xib */ = {isa = PBXFileReference; lastKnownFileType = file.xib; path = TitleCollectionViewCell.xib; sourceTree = "<group>"; };
		F04E038D2A3906690042E8A9 /* PhotoCollectionViewCell.swift */ = {isa = PBXFileReference; lastKnownFileType = sourcecode.swift; path = PhotoCollectionViewCell.swift; sourceTree = "<group>"; };
		F04E038E2A3906690042E8A9 /* PhotoCollectionViewCell.xib */ = {isa = PBXFileReference; lastKnownFileType = file.xib; path = PhotoCollectionViewCell.xib; sourceTree = "<group>"; };
		F04E03912A39350A0042E8A9 /* fox_sad.json */ = {isa = PBXFileReference; fileEncoding = 4; lastKnownFileType = text.json; path = fox_sad.json; sourceTree = "<group>"; };
		F061C3122A4BB04200FDBAB2 /* StatisticsTableViewCell.swift */ = {isa = PBXFileReference; lastKnownFileType = sourcecode.swift; path = StatisticsTableViewCell.swift; sourceTree = "<group>"; };
		F061C3132A4BB04200FDBAB2 /* StatisticsTableViewCell.xib */ = {isa = PBXFileReference; lastKnownFileType = file.xib; path = StatisticsTableViewCell.xib; sourceTree = "<group>"; };
		F0675B992A7C83850037D1B1 /* pt-BR */ = {isa = PBXFileReference; lastKnownFileType = text.plist.strings; name = "pt-BR"; path = "pt-BR.lproj/Main.strings"; sourceTree = "<group>"; };
		F0675B9A2A7C83850037D1B1 /* pt-BR */ = {isa = PBXFileReference; lastKnownFileType = text.plist.strings; name = "pt-BR"; path = "pt-BR.lproj/LaunchScreen.strings"; sourceTree = "<group>"; };
		F0675B9B2A7C83850037D1B1 /* pt-BR */ = {isa = PBXFileReference; lastKnownFileType = text.plist.strings; name = "pt-BR"; path = "pt-BR.lproj/Localizable.strings"; sourceTree = "<group>"; };
		F0675B9C2A7C83E50037D1B1 /* pt-PT */ = {isa = PBXFileReference; lastKnownFileType = text.plist.strings; name = "pt-PT"; path = "pt-PT.lproj/Main.strings"; sourceTree = "<group>"; };
		F0675B9D2A7C83E50037D1B1 /* pt-PT */ = {isa = PBXFileReference; lastKnownFileType = text.plist.strings; name = "pt-PT"; path = "pt-PT.lproj/LaunchScreen.strings"; sourceTree = "<group>"; };
		F0675B9E2A7C83E50037D1B1 /* pt-PT */ = {isa = PBXFileReference; lastKnownFileType = text.plist.strings; name = "pt-PT"; path = "pt-PT.lproj/Localizable.strings"; sourceTree = "<group>"; };
		F0675B9F2A7C86940037D1B1 /* ko */ = {isa = PBXFileReference; lastKnownFileType = text.plist.strings; name = ko; path = ko.lproj/Localizable.strings; sourceTree = "<group>"; };
		F082449C2A36801A007379BA /* cat.json */ = {isa = PBXFileReference; fileEncoding = 4; lastKnownFileType = text.json; path = cat.json; sourceTree = "<group>"; };
		F082449F2A3680C5007379BA /* UiViewControllerExtensions.swift */ = {isa = PBXFileReference; lastKnownFileType = sourcecode.swift; path = UiViewControllerExtensions.swift; sourceTree = "<group>"; };
		F08244A12A368197007379BA /* LoadingAlert.swift */ = {isa = PBXFileReference; lastKnownFileType = sourcecode.swift; path = LoadingAlert.swift; sourceTree = "<group>"; };
		F08244A52A368D4C007379BA /* es-419 */ = {isa = PBXFileReference; lastKnownFileType = text.plist.strings; name = "es-419"; path = "es-419.lproj/Main.strings"; sourceTree = "<group>"; };
		F08244A62A368D4C007379BA /* es-419 */ = {isa = PBXFileReference; lastKnownFileType = text.plist.strings; name = "es-419"; path = "es-419.lproj/LaunchScreen.strings"; sourceTree = "<group>"; };
		F08244A82A368D64007379BA /* en */ = {isa = PBXFileReference; lastKnownFileType = text.plist.strings; name = en; path = en.lproj/Main.strings; sourceTree = "<group>"; };
		F08244AA2A369D9C007379BA /* ImageObjects.swift */ = {isa = PBXFileReference; lastKnownFileType = sourcecode.swift; path = ImageObjects.swift; sourceTree = "<group>"; };
		F08244AE2A377684007379BA /* Extensions.swift */ = {isa = PBXFileReference; lastKnownFileType = sourcecode.swift; path = Extensions.swift; sourceTree = "<group>"; };
		F082C6C72BA642BE0081C5C8 /* CIImageExtensions.swift */ = {isa = PBXFileReference; lastKnownFileType = sourcecode.swift; path = CIImageExtensions.swift; sourceTree = "<group>"; };
		F082C6C92BA656A60081C5C8 /* PreferencesVC.swift */ = {isa = PBXFileReference; lastKnownFileType = sourcecode.swift; path = PreferencesVC.swift; sourceTree = "<group>"; };
		F082C6CC2BA6AAD70081C5C8 /* PreferencesCell.swift */ = {isa = PBXFileReference; lastKnownFileType = sourcecode.swift; path = PreferencesCell.swift; sourceTree = "<group>"; };
		F082C6CD2BA6AAD70081C5C8 /* PreferencesCell.xib */ = {isa = PBXFileReference; lastKnownFileType = file.xib; path = PreferencesCell.xib; sourceTree = "<group>"; };
		F08852E32B60349D00AD33DE /* SavedCameras.xcdatamodel */ = {isa = PBXFileReference; lastKnownFileType = wrapper.xcdatamodel; path = SavedCameras.xcdatamodel; sourceTree = "<group>"; };
		F09D9ED32A3670AB00884A73 /* Renard.app */ = {isa = PBXFileReference; explicitFileType = wrapper.application; includeInIndex = 0; path = Renard.app; sourceTree = BUILT_PRODUCTS_DIR; };
		F09D9ED62A3670AB00884A73 /* AppDelegate.swift */ = {isa = PBXFileReference; lastKnownFileType = sourcecode.swift; path = AppDelegate.swift; sourceTree = "<group>"; };
		F09D9ED82A3670AB00884A73 /* SceneDelegate.swift */ = {isa = PBXFileReference; lastKnownFileType = sourcecode.swift; path = SceneDelegate.swift; sourceTree = "<group>"; };
		F09D9EDA2A3670AB00884A73 /* ImagePreviewVC.swift */ = {isa = PBXFileReference; lastKnownFileType = sourcecode.swift; path = ImagePreviewVC.swift; sourceTree = "<group>"; };
		F09D9EDD2A3670AB00884A73 /* Base */ = {isa = PBXFileReference; lastKnownFileType = file.storyboard; name = Base; path = Base.lproj/Main.storyboard; sourceTree = "<group>"; };
		F09D9EDF2A3670AC00884A73 /* Assets.xcassets */ = {isa = PBXFileReference; lastKnownFileType = folder.assetcatalog; path = Assets.xcassets; sourceTree = "<group>"; };
		F09D9EE22A3670AC00884A73 /* Base */ = {isa = PBXFileReference; lastKnownFileType = file.storyboard; name = Base; path = Base.lproj/LaunchScreen.storyboard; sourceTree = "<group>"; };
		F09D9EE42A3670AC00884A73 /* Info.plist */ = {isa = PBXFileReference; lastKnownFileType = text.plist.xml; path = Info.plist; sourceTree = "<group>"; };
		F0B49A5A2B7E91FF00A062BF /* OpenFinderUtility.swift */ = {isa = PBXFileReference; lastKnownFileType = sourcecode.swift; path = OpenFinderUtility.swift; sourceTree = "<group>"; };
		F0DAD1292A75CCEC00EA67AE /* en */ = {isa = PBXFileReference; lastKnownFileType = text.plist.strings; name = en; path = en.lproj/Localizable.strings; sourceTree = "<group>"; };
		F0DAD12B2A75CCEF00EA67AE /* es-419 */ = {isa = PBXFileReference; lastKnownFileType = text.plist.strings; name = "es-419"; path = "es-419.lproj/Localizable.strings"; sourceTree = "<group>"; };
		F0DAD12C2A75DF8100EA67AE /* es */ = {isa = PBXFileReference; lastKnownFileType = text.plist.strings; name = es; path = es.lproj/Main.strings; sourceTree = "<group>"; };
		F0DAD12D2A75DF8100EA67AE /* es */ = {isa = PBXFileReference; lastKnownFileType = text.plist.strings; name = es; path = es.lproj/LaunchScreen.strings; sourceTree = "<group>"; };
		F0DAD12E2A75DF8100EA67AE /* es */ = {isa = PBXFileReference; lastKnownFileType = text.plist.strings; name = es; path = es.lproj/Localizable.strings; sourceTree = "<group>"; };
		F0E8DCD22A3D2F9600E7CCE1 /* Montserrat-Bold.ttf */ = {isa = PBXFileReference; lastKnownFileType = file; path = "Montserrat-Bold.ttf"; sourceTree = "<group>"; };
		F0E8DCD82A3D2F9600E7CCE1 /* Montserrat-Medium.ttf */ = {isa = PBXFileReference; lastKnownFileType = file; path = "Montserrat-Medium.ttf"; sourceTree = "<group>"; };
		F0E8DCDA2A3D2F9600E7CCE1 /* Montserrat-Light.ttf */ = {isa = PBXFileReference; lastKnownFileType = file; path = "Montserrat-Light.ttf"; sourceTree = "<group>"; };
		F0E8DCDE2A3D2F9600E7CCE1 /* Montserrat-Regular.ttf */ = {isa = PBXFileReference; lastKnownFileType = file; path = "Montserrat-Regular.ttf"; sourceTree = "<group>"; };
		F0E918242C0BD3B1005D2A56 /* PrivacyInfo.xcprivacy */ = {isa = PBXFileReference; lastKnownFileType = text.xml; path = PrivacyInfo.xcprivacy; sourceTree = "<group>"; };
		F0EE602E2A48DE2400AB5AAC /* CacheDataSingleton.swift */ = {isa = PBXFileReference; lastKnownFileType = sourcecode.swift; path = CacheDataSingleton.swift; sourceTree = "<group>"; };
/* End PBXFileReference section */

/* Begin PBXFrameworksBuildPhase section */
		F09D9ED02A3670AB00884A73 /* Frameworks */ = {
			isa = PBXFrameworksBuildPhase;
			buildActionMask = 2147483647;
			files = (
				F08244992A367B31007379BA /* Lottie in Frameworks */,
			);
			runOnlyForDeploymentPostprocessing = 0;
		};
/* End PBXFrameworksBuildPhase section */

/* Begin PBXGroup section */
		F04E03812A38E0A30042E8A9 /* MainDashboard */ = {
			isa = PBXGroup;
			children = (
				F04E03822A38E0B40042E8A9 /* Cells */,
				F0EE602E2A48DE2400AB5AAC /* CacheDataSingleton.swift */,
				F04E037F2A38CF040042E8A9 /* MainDashboardVC.swift */,
				F09D9EDA2A3670AB00884A73 /* ImagePreviewVC.swift */,
				F03A3AF82A3E701B007CDBB6 /* AboutAppVC.swift */,
				F006F4AF2A461FF300DAA1EB /* StatisticsVC.swift */,
				F006F4B12A46200200DAA1EB /* SwiftUITV.swift */,
				F045717B2B3A604C00EFE672 /* SavedCamerasList.swift */,
				F082C6C92BA656A60081C5C8 /* PreferencesVC.swift */,
			);
			path = MainDashboard;
			sourceTree = "<group>";
		};
		F04E03822A38E0B40042E8A9 /* Cells */ = {
			isa = PBXGroup;
			children = (
				F082C6CB2BA6AABC0081C5C8 /* PreferencesCell */,
				F061C3112A4BB02E00FDBAB2 /* StatisticsCell */,
				F04E03882A39063E0042E8A9 /* PhotoCell */,
				F04E03872A39062F0042E8A9 /* TitleCell */,
			);
			path = Cells;
			sourceTree = "<group>";
		};
		F04E03872A39062F0042E8A9 /* TitleCell */ = {
			isa = PBXGroup;
			children = (
				F04E03832A38E7C80042E8A9 /* TitleCollectionViewCell.swift */,
				F04E03842A38E7C80042E8A9 /* TitleCollectionViewCell.xib */,
			);
			path = TitleCell;
			sourceTree = "<group>";
		};
		F04E03882A39063E0042E8A9 /* PhotoCell */ = {
			isa = PBXGroup;
			children = (
				F04E038D2A3906690042E8A9 /* PhotoCollectionViewCell.swift */,
				F04E038E2A3906690042E8A9 /* PhotoCollectionViewCell.xib */,
			);
			path = PhotoCell;
			sourceTree = "<group>";
		};
		F061C3112A4BB02E00FDBAB2 /* StatisticsCell */ = {
			isa = PBXGroup;
			children = (
				F061C3122A4BB04200FDBAB2 /* StatisticsTableViewCell.swift */,
				F061C3132A4BB04200FDBAB2 /* StatisticsTableViewCell.xib */,
			);
			path = StatisticsCell;
			sourceTree = "<group>";
		};
		F082449A2A367B6D007379BA /* Frameworks */ = {
			isa = PBXGroup;
			children = (
			);
			name = Frameworks;
			sourceTree = "<group>";
		};
		F082449B2A367FF7007379BA /* LottieAssets */ = {
			isa = PBXGroup;
			children = (
				F04E03912A39350A0042E8A9 /* fox_sad.json */,
				F04E037B2A38C81B0042E8A9 /* fox_success.json */,
				F04E03772A38BD6E0042E8A9 /* fox_load.json */,
				F082449C2A36801A007379BA /* cat.json */,
			);
			path = LottieAssets;
			sourceTree = "<group>";
		};
		F082449E2A368071007379BA /* Utils */ = {
			isa = PBXGroup;
			children = (
				F04BECDF2DAEC1E800119679 /* Converter.swift */,
				F0B49A5A2B7E91FF00A062BF /* OpenFinderUtility.swift */,
				F082449F2A3680C5007379BA /* UiViewControllerExtensions.swift */,
				F08244A12A368197007379BA /* LoadingAlert.swift */,
				F08244AE2A377684007379BA /* Extensions.swift */,
				F082C6C72BA642BE0081C5C8 /* CIImageExtensions.swift */,
				F008C2C32A37A6F900DAB89B /* MediaExtensions.swift */,
				F04E03792A38C40F0042E8A9 /* AppDataCleaner.swift */,
				F0DAD12A2A75CCEC00EA67AE /* Localizable.strings */,
			);
			path = Utils;
			sourceTree = "<group>";
		};
		F08244A92A369D89007379BA /* Entity */ = {
			isa = PBXGroup;
			children = (
				F08244AA2A369D9C007379BA /* ImageObjects.swift */,
				F03A3AFA2A3E7718007CDBB6 /* OtherStructs.swift */,
			);
			path = Entity;
			sourceTree = "<group>";
		};
		F082C6CB2BA6AABC0081C5C8 /* PreferencesCell */ = {
			isa = PBXGroup;
			children = (
				F082C6CC2BA6AAD70081C5C8 /* PreferencesCell.swift */,
				F082C6CD2BA6AAD70081C5C8 /* PreferencesCell.xib */,
			);
			path = PreferencesCell;
			sourceTree = "<group>";
		};
		F08852E12B60347A00AD33DE /* CoreData */ = {
			isa = PBXGroup;
			children = (
				F08852E22B60349D00AD33DE /* Camera.xcdatamodeld */,
			);
			path = CoreData;
			sourceTree = "<group>";
		};
		F09D9ECA2A3670AB00884A73 = {
			isa = PBXGroup;
			children = (
				F0E918242C0BD3B1005D2A56 /* PrivacyInfo.xcprivacy */,
				F09D9ED52A3670AB00884A73 /* Renard */,
				F09D9ED42A3670AB00884A73 /* Products */,
				F082449A2A367B6D007379BA /* Frameworks */,
			);
			sourceTree = "<group>";
		};
		F09D9ED42A3670AB00884A73 /* Products */ = {
			isa = PBXGroup;
			children = (
				F09D9ED32A3670AB00884A73 /* Renard.app */,
			);
			name = Products;
			sourceTree = "<group>";
		};
		F09D9ED52A3670AB00884A73 /* Renard */ = {
			isa = PBXGroup;
			children = (
				F08852E12B60347A00AD33DE /* CoreData */,
				F08244A92A369D89007379BA /* Entity */,
				F082449E2A368071007379BA /* Utils */,
				F09D9ED62A3670AB00884A73 /* AppDelegate.swift */,
				F09D9ED82A3670AB00884A73 /* SceneDelegate.swift */,
				F04E03812A38E0A30042E8A9 /* MainDashboard */,
				F09D9EDC2A3670AB00884A73 /* Main.storyboard */,
				F09D9EDF2A3670AC00884A73 /* Assets.xcassets */,
				F09D9EE12A3670AC00884A73 /* LaunchScreen.storyboard */,
				F09D9EE42A3670AC00884A73 /* Info.plist */,
				F0E8DCCC2A3D2F8600E7CCE1 /* CustomFonts */,
				F082449B2A367FF7007379BA /* LottieAssets */,
			);
			path = Renard;
			sourceTree = "<group>";
		};
		F0E8DCCC2A3D2F8600E7CCE1 /* CustomFonts */ = {
			isa = PBXGroup;
			children = (
				F0E8DCD22A3D2F9600E7CCE1 /* Montserrat-Bold.ttf */,
				F0E8DCDA2A3D2F9600E7CCE1 /* Montserrat-Light.ttf */,
				F0E8DCD82A3D2F9600E7CCE1 /* Montserrat-Medium.ttf */,
				F0E8DCDE2A3D2F9600E7CCE1 /* Montserrat-Regular.ttf */,
			);
			path = CustomFonts;
			sourceTree = "<group>";
		};
/* End PBXGroup section */

/* Begin PBXNativeTarget section */
		F09D9ED22A3670AB00884A73 /* Renard */ = {
			isa = PBXNativeTarget;
			buildConfigurationList = F09D9EE72A3670AC00884A73 /* Build configuration list for PBXNativeTarget "Renard" */;
			buildPhases = (
				F09D9ECF2A3670AB00884A73 /* Sources */,
				F09D9ED02A3670AB00884A73 /* Frameworks */,
				F09D9ED12A3670AB00884A73 /* Resources */,
			);
			buildRules = (
			);
			dependencies = (
			);
			name = Renard;
			packageProductDependencies = (
				F08244982A367B31007379BA /* Lottie */,
			);
			productName = Renard;
			productReference = F09D9ED32A3670AB00884A73 /* Renard.app */;
			productType = "com.apple.product-type.application";
		};
/* End PBXNativeTarget section */

/* Begin PBXProject section */
		F09D9ECB2A3670AB00884A73 /* Project object */ = {
			isa = PBXProject;
			attributes = {
				BuildIndependentTargetsInParallel = 1;
				LastSwiftUpdateCheck = 1410;
				LastUpgradeCheck = 1410;
				TargetAttributes = {
					F09D9ED22A3670AB00884A73 = {
						CreatedOnToolsVersion = 14.1;
					};
				};
			};
			buildConfigurationList = F09D9ECE2A3670AB00884A73 /* Build configuration list for PBXProject "Renard" */;
			compatibilityVersion = "Xcode 14.0";
			developmentRegion = en;
			hasScannedForEncodings = 0;
			knownRegions = (
				en,
				Base,
				"es-419",
				es,
				"pt-BR",
				"pt-PT",
				ko,
			);
			mainGroup = F09D9ECA2A3670AB00884A73;
			packageReferences = (
				F08244972A367B31007379BA /* XCRemoteSwiftPackageReference "lottie-spm" */,
			);
			productRefGroup = F09D9ED42A3670AB00884A73 /* Products */;
			projectDirPath = "";
			projectRoot = "";
			targets = (
				F09D9ED22A3670AB00884A73 /* Renard */,
			);
		};
/* End PBXProject section */

/* Begin PBXResourcesBuildPhase section */
		F09D9ED12A3670AB00884A73 /* Resources */ = {
			isa = PBXResourcesBuildPhase;
			buildActionMask = 2147483647;
			files = (
				F082449D2A36801A007379BA /* cat.json in Resources */,
				F09D9EE32A3670AC00884A73 /* LaunchScreen.storyboard in Resources */,
				F09D9EE02A3670AC00884A73 /* Assets.xcassets in Resources */,
				F0DAD1282A75CCEC00EA67AE /* Localizable.strings in Resources */,
				F0E8DCE62A3D2F9C00E7CCE1 /* Montserrat-Medium.ttf in Resources */,
				F0E8DCE52A3D2F9C00E7CCE1 /* Montserrat-Light.ttf in Resources */,
				F082C6CF2BA6AAD70081C5C8 /* PreferencesCell.xib in Resources */,
				F04E03782A38BD6E0042E8A9 /* fox_load.json in Resources */,
				F0E918252C0BD3B1005D2A56 /* PrivacyInfo.xcprivacy in Resources */,
				F0E8DCEB2A3D2F9C00E7CCE1 /* Montserrat-Regular.ttf in Resources */,
				F09D9EDE2A3670AB00884A73 /* Main.storyboard in Resources */,
				F04E03902A3906690042E8A9 /* PhotoCollectionViewCell.xib in Resources */,
				F04E03862A38E7C80042E8A9 /* TitleCollectionViewCell.xib in Resources */,
				F04E03922A39350A0042E8A9 /* fox_sad.json in Resources */,
				F04E037C2A38C81B0042E8A9 /* fox_success.json in Resources */,
				F061C3152A4BB04200FDBAB2 /* StatisticsTableViewCell.xib in Resources */,
				F0E8DCEA2A3D2F9C00E7CCE1 /* Montserrat-Bold.ttf in Resources */,
			);
			runOnlyForDeploymentPostprocessing = 0;
		};
/* End PBXResourcesBuildPhase section */

/* Begin PBXSourcesBuildPhase section */
		F09D9ECF2A3670AB00884A73 /* Sources */ = {
			isa = PBXSourcesBuildPhase;
			buildActionMask = 2147483647;
			files = (
				F061C3142A4BB04200FDBAB2 /* StatisticsTableViewCell.swift in Sources */,
				F04E037A2A38C40F0042E8A9 /* AppDataCleaner.swift in Sources */,
				F008C2C42A37A6F900DAB89B /* MediaExtensions.swift in Sources */,
				F082C6CA2BA656A60081C5C8 /* PreferencesVC.swift in Sources */,
				F04BECE02DAEC1F400119679 /* Converter.swift in Sources */,
				F082C6C82BA642BE0081C5C8 /* CIImageExtensions.swift in Sources */,
				F08244AB2A369D9C007379BA /* ImageObjects.swift in Sources */,
				F08852E42B60349D00AD33DE /* Camera.xcdatamodeld in Sources */,
				F0EE602F2A48DE2400AB5AAC /* CacheDataSingleton.swift in Sources */,
				F08244A02A3680C5007379BA /* UiViewControllerExtensions.swift in Sources */,
				F03A3AF92A3E701B007CDBB6 /* AboutAppVC.swift in Sources */,
				F09D9EDB2A3670AB00884A73 /* ImagePreviewVC.swift in Sources */,
				F04E038F2A3906690042E8A9 /* PhotoCollectionViewCell.swift in Sources */,
				F04E03852A38E7C80042E8A9 /* TitleCollectionViewCell.swift in Sources */,
				F08244AF2A377684007379BA /* Extensions.swift in Sources */,
				F0B49A5B2B7E91FF00A062BF /* OpenFinderUtility.swift in Sources */,
				F03A3AFB2A3E7718007CDBB6 /* OtherStructs.swift in Sources */,
				F09D9ED72A3670AB00884A73 /* AppDelegate.swift in Sources */,
				F006F4B02A461FF300DAA1EB /* StatisticsVC.swift in Sources */,
				F082C6CE2BA6AAD70081C5C8 /* PreferencesCell.swift in Sources */,
				F09D9ED92A3670AB00884A73 /* SceneDelegate.swift in Sources */,
				F04E03802A38CF040042E8A9 /* MainDashboardVC.swift in Sources */,
				F045717C2B3A604C00EFE672 /* SavedCamerasList.swift in Sources */,
				F08244A22A368197007379BA /* LoadingAlert.swift in Sources */,
				F006F4B22A46200200DAA1EB /* SwiftUITV.swift in Sources */,
			);
			runOnlyForDeploymentPostprocessing = 0;
		};
/* End PBXSourcesBuildPhase section */

/* Begin PBXVariantGroup section */
		F09D9EDC2A3670AB00884A73 /* Main.storyboard */ = {
			isa = PBXVariantGroup;
			children = (
				F09D9EDD2A3670AB00884A73 /* Base */,
				F08244A52A368D4C007379BA /* es-419 */,
				F08244A82A368D64007379BA /* en */,
				F0DAD12C2A75DF8100EA67AE /* es */,
				F0675B992A7C83850037D1B1 /* pt-BR */,
				F0675B9C2A7C83E50037D1B1 /* pt-PT */,
				F04571782B3A5D8B00EFE672 /* ko */,
			);
			name = Main.storyboard;
			sourceTree = "<group>";
		};
		F09D9EE12A3670AC00884A73 /* LaunchScreen.storyboard */ = {
			isa = PBXVariantGroup;
			children = (
				F09D9EE22A3670AC00884A73 /* Base */,
				F08244A62A368D4C007379BA /* es-419 */,
				F0DAD12D2A75DF8100EA67AE /* es */,
				F0675B9A2A7C83850037D1B1 /* pt-BR */,
				F0675B9D2A7C83E50037D1B1 /* pt-PT */,
			);
			name = LaunchScreen.storyboard;
			sourceTree = "<group>";
		};
		F0DAD12A2A75CCEC00EA67AE /* Localizable.strings */ = {
			isa = PBXVariantGroup;
			children = (
				F0DAD1292A75CCEC00EA67AE /* en */,
				F0DAD12B2A75CCEF00EA67AE /* es-419 */,
				F0DAD12E2A75DF8100EA67AE /* es */,
				F0675B9B2A7C83850037D1B1 /* pt-BR */,
				F0675B9E2A7C83E50037D1B1 /* pt-PT */,
				F0675B9F2A7C86940037D1B1 /* ko */,
			);
			name = Localizable.strings;
			sourceTree = "<group>";
		};
/* End PBXVariantGroup section */

/* Begin XCBuildConfiguration section */
		F09D9EE52A3670AC00884A73 /* Debug */ = {
			isa = XCBuildConfiguration;
			buildSettings = {
				ALWAYS_SEARCH_USER_PATHS = NO;
				CLANG_ANALYZER_LOCALIZABILITY_NONLOCALIZED = YES;
				CLANG_ANALYZER_NONNULL = YES;
				CLANG_ANALYZER_NUMBER_OBJECT_CONVERSION = YES_AGGRESSIVE;
				CLANG_CXX_LANGUAGE_STANDARD = "gnu++20";
				CLANG_ENABLE_MODULES = YES;
				CLANG_ENABLE_OBJC_ARC = YES;
				CLANG_ENABLE_OBJC_WEAK = YES;
				CLANG_WARN_BLOCK_CAPTURE_AUTORELEASING = YES;
				CLANG_WARN_BOOL_CONVERSION = YES;
				CLANG_WARN_COMMA = YES;
				CLANG_WARN_CONSTANT_CONVERSION = YES;
				CLANG_WARN_DEPRECATED_OBJC_IMPLEMENTATIONS = YES;
				CLANG_WARN_DIRECT_OBJC_ISA_USAGE = YES_ERROR;
				CLANG_WARN_DOCUMENTATION_COMMENTS = YES;
				CLANG_WARN_EMPTY_BODY = YES;
				CLANG_WARN_ENUM_CONVERSION = YES;
				CLANG_WARN_INFINITE_RECURSION = YES;
				CLANG_WARN_INT_CONVERSION = YES;
				CLANG_WARN_NON_LITERAL_NULL_CONVERSION = YES;
				CLANG_WARN_OBJC_IMPLICIT_RETAIN_SELF = YES;
				CLANG_WARN_OBJC_LITERAL_CONVERSION = YES;
				CLANG_WARN_OBJC_ROOT_CLASS = YES_ERROR;
				CLANG_WARN_QUOTED_INCLUDE_IN_FRAMEWORK_HEADER = YES;
				CLANG_WARN_RANGE_LOOP_ANALYSIS = YES;
				CLANG_WARN_STRICT_PROTOTYPES = YES;
				CLANG_WARN_SUSPICIOUS_MOVE = YES;
				CLANG_WARN_UNGUARDED_AVAILABILITY = YES_AGGRESSIVE;
				CLANG_WARN_UNREACHABLE_CODE = YES;
				CLANG_WARN__DUPLICATE_METHOD_MATCH = YES;
				COPY_PHASE_STRIP = NO;
				DEBUG_INFORMATION_FORMAT = dwarf;
				ENABLE_STRICT_OBJC_MSGSEND = YES;
				ENABLE_TESTABILITY = YES;
				GCC_C_LANGUAGE_STANDARD = gnu11;
				GCC_DYNAMIC_NO_PIC = NO;
				GCC_NO_COMMON_BLOCKS = YES;
				GCC_OPTIMIZATION_LEVEL = 0;
				GCC_PREPROCESSOR_DEFINITIONS = (
					"DEBUG=1",
					"$(inherited)",
				);
				GCC_WARN_64_TO_32_BIT_CONVERSION = YES;
				GCC_WARN_ABOUT_RETURN_TYPE = YES_ERROR;
				GCC_WARN_UNDECLARED_SELECTOR = YES;
				GCC_WARN_UNINITIALIZED_AUTOS = YES_AGGRESSIVE;
				GCC_WARN_UNUSED_FUNCTION = YES;
				GCC_WARN_UNUSED_VARIABLE = YES;
				IPHONEOS_DEPLOYMENT_TARGET = 16.1;
				MTL_ENABLE_DEBUG_INFO = INCLUDE_SOURCE;
				MTL_FAST_MATH = YES;
				ONLY_ACTIVE_ARCH = YES;
				SDKROOT = iphoneos;
				SWIFT_ACTIVE_COMPILATION_CONDITIONS = DEBUG;
				SWIFT_OPTIMIZATION_LEVEL = "-Onone";
			};
			name = Debug;
		};
		F09D9EE62A3670AC00884A73 /* Release */ = {
			isa = XCBuildConfiguration;
			buildSettings = {
				ALWAYS_SEARCH_USER_PATHS = NO;
				CLANG_ANALYZER_LOCALIZABILITY_NONLOCALIZED = YES;
				CLANG_ANALYZER_NONNULL = YES;
				CLANG_ANALYZER_NUMBER_OBJECT_CONVERSION = YES_AGGRESSIVE;
				CLANG_CXX_LANGUAGE_STANDARD = "gnu++20";
				CLANG_ENABLE_MODULES = YES;
				CLANG_ENABLE_OBJC_ARC = YES;
				CLANG_ENABLE_OBJC_WEAK = YES;
				CLANG_WARN_BLOCK_CAPTURE_AUTORELEASING = YES;
				CLANG_WARN_BOOL_CONVERSION = YES;
				CLANG_WARN_COMMA = YES;
				CLANG_WARN_CONSTANT_CONVERSION = YES;
				CLANG_WARN_DEPRECATED_OBJC_IMPLEMENTATIONS = YES;
				CLANG_WARN_DIRECT_OBJC_ISA_USAGE = YES_ERROR;
				CLANG_WARN_DOCUMENTATION_COMMENTS = YES;
				CLANG_WARN_EMPTY_BODY = YES;
				CLANG_WARN_ENUM_CONVERSION = YES;
				CLANG_WARN_INFINITE_RECURSION = YES;
				CLANG_WARN_INT_CONVERSION = YES;
				CLANG_WARN_NON_LITERAL_NULL_CONVERSION = YES;
				CLANG_WARN_OBJC_IMPLICIT_RETAIN_SELF = YES;
				CLANG_WARN_OBJC_LITERAL_CONVERSION = YES;
				CLANG_WARN_OBJC_ROOT_CLASS = YES_ERROR;
				CLANG_WARN_QUOTED_INCLUDE_IN_FRAMEWORK_HEADER = YES;
				CLANG_WARN_RANGE_LOOP_ANALYSIS = YES;
				CLANG_WARN_STRICT_PROTOTYPES = YES;
				CLANG_WARN_SUSPICIOUS_MOVE = YES;
				CLANG_WARN_UNGUARDED_AVAILABILITY = YES_AGGRESSIVE;
				CLANG_WARN_UNREACHABLE_CODE = YES;
				CLANG_WARN__DUPLICATE_METHOD_MATCH = YES;
				COPY_PHASE_STRIP = NO;
				DEBUG_INFORMATION_FORMAT = "dwarf-with-dsym";
				ENABLE_NS_ASSERTIONS = NO;
				ENABLE_STRICT_OBJC_MSGSEND = YES;
				GCC_C_LANGUAGE_STANDARD = gnu11;
				GCC_NO_COMMON_BLOCKS = YES;
				GCC_WARN_64_TO_32_BIT_CONVERSION = YES;
				GCC_WARN_ABOUT_RETURN_TYPE = YES_ERROR;
				GCC_WARN_UNDECLARED_SELECTOR = YES;
				GCC_WARN_UNINITIALIZED_AUTOS = YES_AGGRESSIVE;
				GCC_WARN_UNUSED_FUNCTION = YES;
				GCC_WARN_UNUSED_VARIABLE = YES;
				IPHONEOS_DEPLOYMENT_TARGET = 16.1;
				MTL_ENABLE_DEBUG_INFO = NO;
				MTL_FAST_MATH = YES;
				SDKROOT = iphoneos;
				SWIFT_COMPILATION_MODE = wholemodule;
				SWIFT_OPTIMIZATION_LEVEL = "-O";
				VALIDATE_PRODUCT = YES;
			};
			name = Release;
		};
		F09D9EE82A3670AC00884A73 /* Debug */ = {
			isa = XCBuildConfiguration;
			buildSettings = {
				ASSETCATALOG_COMPILER_APPICON_NAME = AppIcon;
				ASSETCATALOG_COMPILER_GLOBAL_ACCENT_COLOR_NAME = AccentColor;
				CODE_SIGN_STYLE = Automatic;
				CURRENT_PROJECT_VERSION = 1;
				DEVELOPMENT_TEAM = SF78D67856;
				GENERATE_INFOPLIST_FILE = YES;
				INFOPLIST_FILE = Renard/Info.plist;
				INFOPLIST_KEY_LSApplicationCategoryType = "public.app-category.utilities";
				INFOPLIST_KEY_NSPhotoLibraryAddUsageDescription = "Es necesario aceptar para poder guardar la foto en la galería";
				INFOPLIST_KEY_NSPhotoLibraryUsageDescription = "Se requiere acceso a la galeria para consultar tus fotos";
				INFOPLIST_KEY_UIApplicationSupportsIndirectInputEvents = YES;
				INFOPLIST_KEY_UILaunchStoryboardName = LaunchScreen;
				INFOPLIST_KEY_UIMainStoryboardFile = Main;
				INFOPLIST_KEY_UIStatusBarStyle = UIStatusBarStyleLightContent;
				INFOPLIST_KEY_UISupportedInterfaceOrientations = "UIInterfaceOrientationPortrait UIInterfaceOrientationPortraitUpsideDown";
				INFOPLIST_KEY_UISupportedInterfaceOrientations_iPad = "UIInterfaceOrientationLandscapeLeft UIInterfaceOrientationLandscapeRight UIInterfaceOrientationPortrait UIInterfaceOrientationPortraitUpsideDown";
				IPHONEOS_DEPLOYMENT_TARGET = 14.0;
				LD_RUNPATH_SEARCH_PATHS = (
					"$(inherited)",
					"@executable_path/Frameworks",
				);
				MARKETING_VERSION = 1.0.9;
				PRODUCT_BUNDLE_IDENTIFIER = com.fx.renard.Renard;
				PRODUCT_NAME = "$(TARGET_NAME)";
				SWIFT_EMIT_LOC_STRINGS = YES;
				SWIFT_VERSION = 5.0;
				TARGETED_DEVICE_FAMILY = "1,2";
			};
			name = Debug;
		};
		F09D9EE92A3670AC00884A73 /* Release */ = {
			isa = XCBuildConfiguration;
			buildSettings = {
				ASSETCATALOG_COMPILER_APPICON_NAME = AppIcon;
				ASSETCATALOG_COMPILER_GLOBAL_ACCENT_COLOR_NAME = AccentColor;
				CODE_SIGN_STYLE = Automatic;
				CURRENT_PROJECT_VERSION = 1;
				DEVELOPMENT_TEAM = SF78D67856;
				GENERATE_INFOPLIST_FILE = YES;
				INFOPLIST_FILE = Renard/Info.plist;
				INFOPLIST_KEY_LSApplicationCategoryType = "public.app-category.utilities";
				INFOPLIST_KEY_NSPhotoLibraryAddUsageDescription = "Es necesario aceptar para poder guardar la foto en la galería";
				INFOPLIST_KEY_NSPhotoLibraryUsageDescription = "Se requiere acceso a la galeria para consultar tus fotos";
				INFOPLIST_KEY_UIApplicationSupportsIndirectInputEvents = YES;
				INFOPLIST_KEY_UILaunchStoryboardName = LaunchScreen;
				INFOPLIST_KEY_UIMainStoryboardFile = Main;
				INFOPLIST_KEY_UIStatusBarStyle = UIStatusBarStyleLightContent;
				INFOPLIST_KEY_UISupportedInterfaceOrientations = "UIInterfaceOrientationPortrait UIInterfaceOrientationPortraitUpsideDown";
				INFOPLIST_KEY_UISupportedInterfaceOrientations_iPad = "UIInterfaceOrientationLandscapeLeft UIInterfaceOrientationLandscapeRight UIInterfaceOrientationPortrait UIInterfaceOrientationPortraitUpsideDown";
				IPHONEOS_DEPLOYMENT_TARGET = 14.0;
				LD_RUNPATH_SEARCH_PATHS = (
					"$(inherited)",
					"@executable_path/Frameworks",
				);
				MARKETING_VERSION = 1.0.9;
				PRODUCT_BUNDLE_IDENTIFIER = com.fx.renard.Renard;
				PRODUCT_NAME = "$(TARGET_NAME)";
				SWIFT_EMIT_LOC_STRINGS = YES;
				SWIFT_VERSION = 5.0;
				TARGETED_DEVICE_FAMILY = "1,2";
			};
			name = Release;
		};
/* End XCBuildConfiguration section */

/* Begin XCConfigurationList section */
		F09D9ECE2A3670AB00884A73 /* Build configuration list for PBXProject "Renard" */ = {
			isa = XCConfigurationList;
			buildConfigurations = (
				F09D9EE52A3670AC00884A73 /* Debug */,
				F09D9EE62A3670AC00884A73 /* Release */,
			);
			defaultConfigurationIsVisible = 0;
			defaultConfigurationName = Release;
		};
		F09D9EE72A3670AC00884A73 /* Build configuration list for PBXNativeTarget "Renard" */ = {
			isa = XCConfigurationList;
			buildConfigurations = (
				F09D9EE82A3670AC00884A73 /* Debug */,
				F09D9EE92A3670AC00884A73 /* Release */,
			);
			defaultConfigurationIsVisible = 0;
			defaultConfigurationName = Release;
		};
/* End XCConfigurationList section */

/* Begin XCRemoteSwiftPackageReference section */
		F08244972A367B31007379BA /* XCRemoteSwiftPackageReference "lottie-spm" */ = {
			isa = XCRemoteSwiftPackageReference;
			repositoryURL = "https://github.com/airbnb/lottie-spm.git";
			requirement = {
				kind = upToNextMajorVersion;
				minimumVersion = 4.0.0;
			};
		};
/* End XCRemoteSwiftPackageReference section */

/* Begin XCSwiftPackageProductDependency section */
		F08244982A367B31007379BA /* Lottie */ = {
			isa = XCSwiftPackageProductDependency;
			package = F08244972A367B31007379BA /* XCRemoteSwiftPackageReference "lottie-spm" */;
			productName = Lottie;
		};
/* End XCSwiftPackageProductDependency section */

/* Begin XCVersionGroup section */
		F08852E22B60349D00AD33DE /* Camera.xcdatamodeld */ = {
			isa = XCVersionGroup;
			children = (
				F08852E32B60349D00AD33DE /* SavedCameras.xcdatamodel */,
			);
			currentVersion = F08852E32B60349D00AD33DE /* SavedCameras.xcdatamodel */;
			path = Camera.xcdatamodeld;
			sourceTree = "<group>";
			versionGroupType = wrapper.xcdatamodel;
		};
/* End XCVersionGroup section */
	};
	rootObject = F09D9ECB2A3670AB00884A73 /* Project object */;
}
